// !$*UTF8*$!
{
	archiveVersion = 1;
	classes = {
	};
	objectVersion = 46;
	objects = {

/* Begin PBXBuildFile section */
		7125A7A188F2478886E6BFA0 /* libPods.a in Frameworks */ = {isa = PBXBuildFile; fileRef = 26D10FE45716488DA2AAE938 /* libPods.a */; };
		A4481FE219957CDB00214EB0 /* Foundation.framework in Frameworks */ = {isa = PBXBuildFile; fileRef = A4481FE119957CDB00214EB0 /* Foundation.framework */; };
		A4481FE419957CDB00214EB0 /* CoreGraphics.framework in Frameworks */ = {isa = PBXBuildFile; fileRef = A4481FE319957CDB00214EB0 /* CoreGraphics.framework */; };
		A4481FE619957CDB00214EB0 /* UIKit.framework in Frameworks */ = {isa = PBXBuildFile; fileRef = A4481FE519957CDB00214EB0 /* UIKit.framework */; };
		A4481FE819957CDB00214EB0 /* CoreData.framework in Frameworks */ = {isa = PBXBuildFile; fileRef = A4481FE719957CDB00214EB0 /* CoreData.framework */; };
		A4481FEE19957CDB00214EB0 /* InfoPlist.strings in Resources */ = {isa = PBXBuildFile; fileRef = A4481FEC19957CDB00214EB0 /* InfoPlist.strings */; };
		A4481FF019957CDB00214EB0 /* main.m in Sources */ = {isa = PBXBuildFile; fileRef = A4481FEF19957CDB00214EB0 /* main.m */; };
		A4481FF419957CDB00214EB0 /* RDDAppDelegate.m in Sources */ = {isa = PBXBuildFile; fileRef = A4481FF319957CDB00214EB0 /* RDDAppDelegate.m */; };
		A4481FF719957CDB00214EB0 /* RestGoateeExample.xcdatamodeld in Sources */ = {isa = PBXBuildFile; fileRef = A4481FF519957CDB00214EB0 /* RestGoateeExample.xcdatamodeld */; };
		A4481FF919957CDB00214EB0 /* Images.xcassets in Resources */ = {isa = PBXBuildFile; fileRef = A4481FF819957CDB00214EB0 /* Images.xcassets */; };
		A448200019957CDB00214EB0 /* XCTest.framework in Frameworks */ = {isa = PBXBuildFile; fileRef = A4481FFF19957CDB00214EB0 /* XCTest.framework */; };
		A448200119957CDB00214EB0 /* Foundation.framework in Frameworks */ = {isa = PBXBuildFile; fileRef = A4481FE119957CDB00214EB0 /* Foundation.framework */; };
		A448200219957CDB00214EB0 /* UIKit.framework in Frameworks */ = {isa = PBXBuildFile; fileRef = A4481FE519957CDB00214EB0 /* UIKit.framework */; };
		A448200319957CDB00214EB0 /* CoreData.framework in Frameworks */ = {isa = PBXBuildFile; fileRef = A4481FE719957CDB00214EB0 /* CoreData.framework */; };
		A448200B19957CDB00214EB0 /* InfoPlist.strings in Resources */ = {isa = PBXBuildFile; fileRef = A448200919957CDB00214EB0 /* InfoPlist.strings */; };
		A448200D19957CDB00214EB0 /* RestGoateeExampleTests.m in Sources */ = {isa = PBXBuildFile; fileRef = A448200C19957CDB00214EB0 /* RestGoateeExampleTests.m */; };
		A4482018199580B100214EB0 /* RDDAPIClient.m in Sources */ = {isa = PBXBuildFile; fileRef = A4482017199580B100214EB0 /* RDDAPIClient.m */; };
		A448201C199580D800214EB0 /* RDDItunesEntry.m in Sources */ = {isa = PBXBuildFile; fileRef = A448201B199580D800214EB0 /* RDDItunesEntry.m */; };
		BE55D3F91A214C87008CEF27 /* RDDAppDelegate.h in Headers */ = {isa = PBXBuildFile; fileRef = A4481FF219957CDB00214EB0 /* RDDAppDelegate.h */; };
		BE55D3FA1A214C87008CEF27 /* RDDAPIClient.h in Headers */ = {isa = PBXBuildFile; fileRef = A4482016199580B100214EB0 /* RDDAPIClient.h */; };
		BE55D3FB1A214C87008CEF27 /* RDDItunesEntry.h in Headers */ = {isa = PBXBuildFile; fileRef = A448201A199580D800214EB0 /* RDDItunesEntry.h */; };
		BE55D3FC1A214C87008CEF27 /* RDDViewController.h in Headers */ = {isa = PBXBuildFile; fileRef = BE7ECF0D19DCA35C008820A1 /* RDDViewController.h */; };
		BE55D3FD1A214C87008CEF27 /* RDDTableCell.h in Headers */ = {isa = PBXBuildFile; fileRef = BE7ECF1219DCA4D6008820A1 /* RDDTableCell.h */; };
		BE55D3FE1A214C87008CEF27 /* RDDTestObject1.h in Headers */ = {isa = PBXBuildFile; fileRef = BE74EA3719E3293400B606E1 /* RDDTestObject1.h */; };
		BE55D3FF1A214C87008CEF27 /* RDDTestObject2.h in Headers */ = {isa = PBXBuildFile; fileRef = BE74EA3A19E3294D00B606E1 /* RDDTestObject2.h */; };
		BE55D4011A214CC7008CEF27 /* Public in Headers */ = {isa = PBXBuildFile; fileRef = BE55D4001A214CC7008CEF27 /* Public */; };
		BE74EA3919E3293400B606E1 /* RDDTestObject1.m in Sources */ = {isa = PBXBuildFile; fileRef = BE74EA3819E3293400B606E1 /* RDDTestObject1.m */; };
		BE74EA3C19E3294D00B606E1 /* RDDTestObject2.m in Sources */ = {isa = PBXBuildFile; fileRef = BE74EA3B19E3294D00B606E1 /* RDDTestObject2.m */; };
		BE7ECF1019DCA35C008820A1 /* RDDViewController.m in Sources */ = {isa = PBXBuildFile; fileRef = BE7ECF0E19DCA35C008820A1 /* RDDViewController.m */; };
		BE7ECF1119DCA35C008820A1 /* RDDViewController.xib in Resources */ = {isa = PBXBuildFile; fileRef = BE7ECF0F19DCA35C008820A1 /* RDDViewController.xib */; };
		BE7ECF1519DCA4D6008820A1 /* RDDTableCell.m in Sources */ = {isa = PBXBuildFile; fileRef = BE7ECF1319DCA4D6008820A1 /* RDDTableCell.m */; };
		BE7ECF1619DCA4D6008820A1 /* RDDTableCell.xib in Resources */ = {isa = PBXBuildFile; fileRef = BE7ECF1419DCA4D6008820A1 /* RDDTableCell.xib */; };
		BEF4F21B1A841F8D001F4644 /* RDDBartStation.m in Sources */ = {isa = PBXBuildFile; fileRef = BEF4F21A1A841F8D001F4644 /* RDDBartStation.m */; };
/* End PBXBuildFile section */

/* Begin PBXContainerItemProxy section */
		BE01518A1A7DD0C6003E6EF4 /* PBXContainerItemProxy */ = {
			isa = PBXContainerItemProxy;
			containerPortal = A4481FD619957CDB00214EB0 /* Project object */;
			proxyType = 1;
			remoteGlobalIDString = A4481FDD19957CDB00214EB0;
			remoteInfo = RestGoateeExample;
		};
/* End PBXContainerItemProxy section */

/* Begin PBXFileReference section */
		26D10FE45716488DA2AAE938 /* libPods.a */ = {isa = PBXFileReference; explicitFileType = archive.ar; includeInIndex = 0; path = libPods.a; sourceTree = BUILT_PRODUCTS_DIR; };
		7F3B9E15915A109CEC4BDEC3 /* Pods.debug.xcconfig */ = {isa = PBXFileReference; includeInIndex = 1; lastKnownFileType = text.xcconfig; name = Pods.debug.xcconfig; path = "Pods/Target Support Files/Pods/Pods.debug.xcconfig"; sourceTree = "<group>"; };
		A4481FDE19957CDB00214EB0 /* RestGoateeExample.app */ = {isa = PBXFileReference; explicitFileType = wrapper.application; includeInIndex = 0; path = RestGoateeExample.app; sourceTree = BUILT_PRODUCTS_DIR; };
		A4481FE119957CDB00214EB0 /* Foundation.framework */ = {isa = PBXFileReference; lastKnownFileType = wrapper.framework; name = Foundation.framework; path = System/Library/Frameworks/Foundation.framework; sourceTree = SDKROOT; };
		A4481FE319957CDB00214EB0 /* CoreGraphics.framework */ = {isa = PBXFileReference; lastKnownFileType = wrapper.framework; name = CoreGraphics.framework; path = System/Library/Frameworks/CoreGraphics.framework; sourceTree = SDKROOT; };
		A4481FE519957CDB00214EB0 /* UIKit.framework */ = {isa = PBXFileReference; lastKnownFileType = wrapper.framework; name = UIKit.framework; path = System/Library/Frameworks/UIKit.framework; sourceTree = SDKROOT; };
		A4481FE719957CDB00214EB0 /* CoreData.framework */ = {isa = PBXFileReference; lastKnownFileType = wrapper.framework; name = CoreData.framework; path = System/Library/Frameworks/CoreData.framework; sourceTree = SDKROOT; };
		A4481FEB19957CDB00214EB0 /* RestGoateeExample-Info.plist */ = {isa = PBXFileReference; lastKnownFileType = text.plist.xml; path = "RestGoateeExample-Info.plist"; sourceTree = "<group>"; };
		A4481FED19957CDB00214EB0 /* en */ = {isa = PBXFileReference; lastKnownFileType = text.plist.strings; name = en; path = en.lproj/InfoPlist.strings; sourceTree = "<group>"; };
		A4481FEF19957CDB00214EB0 /* main.m */ = {isa = PBXFileReference; lastKnownFileType = sourcecode.c.objc; path = main.m; sourceTree = "<group>"; };
		A4481FF119957CDB00214EB0 /* RestGoateeExample-Prefix.pch */ = {isa = PBXFileReference; lastKnownFileType = sourcecode.c.h; path = "RestGoateeExample-Prefix.pch"; sourceTree = "<group>"; };
		A4481FF219957CDB00214EB0 /* RDDAppDelegate.h */ = {isa = PBXFileReference; lastKnownFileType = sourcecode.c.h; path = RDDAppDelegate.h; sourceTree = "<group>"; };
		A4481FF319957CDB00214EB0 /* RDDAppDelegate.m */ = {isa = PBXFileReference; lastKnownFileType = sourcecode.c.objc; path = RDDAppDelegate.m; sourceTree = "<group>"; };
		A4481FF619957CDB00214EB0 /* RestGoateeExample.xcdatamodel */ = {isa = PBXFileReference; lastKnownFileType = wrapper.xcdatamodel; path = RestGoateeExample.xcdatamodel; sourceTree = "<group>"; };
		A4481FF819957CDB00214EB0 /* Images.xcassets */ = {isa = PBXFileReference; lastKnownFileType = folder.assetcatalog; path = Images.xcassets; sourceTree = "<group>"; };
		A4481FFE19957CDB00214EB0 /* RestGoateeExampleTests.xctest */ = {isa = PBXFileReference; explicitFileType = wrapper.cfbundle; includeInIndex = 0; path = RestGoateeExampleTests.xctest; sourceTree = BUILT_PRODUCTS_DIR; };
		A4481FFF19957CDB00214EB0 /* XCTest.framework */ = {isa = PBXFileReference; lastKnownFileType = wrapper.framework; name = XCTest.framework; path = Library/Frameworks/XCTest.framework; sourceTree = DEVELOPER_DIR; };
		A448200819957CDB00214EB0 /* RestGoateeExampleTests-Info.plist */ = {isa = PBXFileReference; lastKnownFileType = text.plist.xml; path = "RestGoateeExampleTests-Info.plist"; sourceTree = "<group>"; };
		A448200A19957CDB00214EB0 /* en */ = {isa = PBXFileReference; lastKnownFileType = text.plist.strings; name = en; path = en.lproj/InfoPlist.strings; sourceTree = "<group>"; };
		A448200C19957CDB00214EB0 /* RestGoateeExampleTests.m */ = {isa = PBXFileReference; lastKnownFileType = sourcecode.c.objc; path = RestGoateeExampleTests.m; sourceTree = "<group>"; };
		A4482016199580B100214EB0 /* RDDAPIClient.h */ = {isa = PBXFileReference; fileEncoding = 4; lastKnownFileType = sourcecode.c.h; path = RDDAPIClient.h; sourceTree = "<group>"; };
		A4482017199580B100214EB0 /* RDDAPIClient.m */ = {isa = PBXFileReference; fileEncoding = 4; lastKnownFileType = sourcecode.c.objc; path = RDDAPIClient.m; sourceTree = "<group>"; };
		A448201A199580D800214EB0 /* RDDItunesEntry.h */ = {isa = PBXFileReference; fileEncoding = 4; lastKnownFileType = sourcecode.c.h; path = RDDItunesEntry.h; sourceTree = "<group>"; };
		A448201B199580D800214EB0 /* RDDItunesEntry.m */ = {isa = PBXFileReference; fileEncoding = 4; lastKnownFileType = sourcecode.c.objc; path = RDDItunesEntry.m; sourceTree = "<group>"; };
		BE55D3F71A214A7C008CEF27 /* RestGoateeExampleTests.pch */ = {isa = PBXFileReference; fileEncoding = 4; lastKnownFileType = sourcecode.c.h; path = RestGoateeExampleTests.pch; sourceTree = "<group>"; };
		BE55D4001A214CC7008CEF27 /* Public */ = {isa = PBXFileReference; lastKnownFileType = folder; name = Public; path = Pods/Headers/Public; sourceTree = "<group>"; };
		BE74EA3719E3293400B606E1 /* RDDTestObject1.h */ = {isa = PBXFileReference; fileEncoding = 4; lastKnownFileType = sourcecode.c.h; path = RDDTestObject1.h; sourceTree = "<group>"; };
		BE74EA3819E3293400B606E1 /* RDDTestObject1.m */ = {isa = PBXFileReference; fileEncoding = 4; lastKnownFileType = sourcecode.c.objc; path = RDDTestObject1.m; sourceTree = "<group>"; };
		BE74EA3A19E3294D00B606E1 /* RDDTestObject2.h */ = {isa = PBXFileReference; fileEncoding = 4; lastKnownFileType = sourcecode.c.h; path = RDDTestObject2.h; sourceTree = "<group>"; };
		BE74EA3B19E3294D00B606E1 /* RDDTestObject2.m */ = {isa = PBXFileReference; fileEncoding = 4; lastKnownFileType = sourcecode.c.objc; path = RDDTestObject2.m; sourceTree = "<group>"; };
		BE7ECF0D19DCA35C008820A1 /* RDDViewController.h */ = {isa = PBXFileReference; fileEncoding = 4; lastKnownFileType = sourcecode.c.h; path = RDDViewController.h; sourceTree = "<group>"; };
		BE7ECF0E19DCA35C008820A1 /* RDDViewController.m */ = {isa = PBXFileReference; fileEncoding = 4; lastKnownFileType = sourcecode.c.objc; path = RDDViewController.m; sourceTree = "<group>"; };
		BE7ECF0F19DCA35C008820A1 /* RDDViewController.xib */ = {isa = PBXFileReference; fileEncoding = 4; lastKnownFileType = file.xib; path = RDDViewController.xib; sourceTree = "<group>"; };
		BE7ECF1219DCA4D6008820A1 /* RDDTableCell.h */ = {isa = PBXFileReference; fileEncoding = 4; lastKnownFileType = sourcecode.c.h; path = RDDTableCell.h; sourceTree = "<group>"; };
		BE7ECF1319DCA4D6008820A1 /* RDDTableCell.m */ = {isa = PBXFileReference; fileEncoding = 4; lastKnownFileType = sourcecode.c.objc; path = RDDTableCell.m; sourceTree = "<group>"; };
		BE7ECF1419DCA4D6008820A1 /* RDDTableCell.xib */ = {isa = PBXFileReference; fileEncoding = 4; lastKnownFileType = file.xib; path = RDDTableCell.xib; sourceTree = "<group>"; };
		BEF4F2191A841F8D001F4644 /* RDDBartStation.h */ = {isa = PBXFileReference; fileEncoding = 4; lastKnownFileType = sourcecode.c.h; path = RDDBartStation.h; sourceTree = "<group>"; };
		BEF4F21A1A841F8D001F4644 /* RDDBartStation.m */ = {isa = PBXFileReference; fileEncoding = 4; lastKnownFileType = sourcecode.c.objc; path = RDDBartStation.m; sourceTree = "<group>"; };
		CB51A6E35E2A969C8BE33329 /* Pods.release.xcconfig */ = {isa = PBXFileReference; includeInIndex = 1; lastKnownFileType = text.xcconfig; name = Pods.release.xcconfig; path = "Pods/Target Support Files/Pods/Pods.release.xcconfig"; sourceTree = "<group>"; };
/* End PBXFileReference section */

/* Begin PBXFrameworksBuildPhase section */
		A4481FDB19957CDB00214EB0 /* Frameworks */ = {
			isa = PBXFrameworksBuildPhase;
			buildActionMask = 2147483647;
			files = (
				A4481FE419957CDB00214EB0 /* CoreGraphics.framework in Frameworks */,
				A4481FE819957CDB00214EB0 /* CoreData.framework in Frameworks */,
				A4481FE619957CDB00214EB0 /* UIKit.framework in Frameworks */,
				A4481FE219957CDB00214EB0 /* Foundation.framework in Frameworks */,
				7125A7A188F2478886E6BFA0 /* libPods.a in Frameworks */,
			);
			runOnlyForDeploymentPostprocessing = 0;
		};
		A4481FFB19957CDB00214EB0 /* Frameworks */ = {
			isa = PBXFrameworksBuildPhase;
			buildActionMask = 2147483647;
			files = (
				A448200019957CDB00214EB0 /* XCTest.framework in Frameworks */,
				A448200319957CDB00214EB0 /* CoreData.framework in Frameworks */,
				A448200219957CDB00214EB0 /* UIKit.framework in Frameworks */,
				A448200119957CDB00214EB0 /* Foundation.framework in Frameworks */,
			);
			runOnlyForDeploymentPostprocessing = 0;
		};
/* End PBXFrameworksBuildPhase section */

/* Begin PBXGroup section */
		A4481FD519957CDB00214EB0 = {
			isa = PBXGroup;
			children = (
				BE55D4001A214CC7008CEF27 /* Public */,
				A4481FE919957CDB00214EB0 /* RestGoateeExample */,
				A448200619957CDB00214EB0 /* RestGoateeExampleTests */,
				A4481FE019957CDB00214EB0 /* Frameworks */,
				A4481FDF19957CDB00214EB0 /* Products */,
				BAEBF0C0284051644B570844 /* Pods */,
			);
			sourceTree = "<group>";
		};
		A4481FDF19957CDB00214EB0 /* Products */ = {
			isa = PBXGroup;
			children = (
				A4481FDE19957CDB00214EB0 /* RestGoateeExample.app */,
				A4481FFE19957CDB00214EB0 /* RestGoateeExampleTests.xctest */,
			);
			name = Products;
			sourceTree = "<group>";
		};
		A4481FE019957CDB00214EB0 /* Frameworks */ = {
			isa = PBXGroup;
			children = (
				A4481FE119957CDB00214EB0 /* Foundation.framework */,
				A4481FE319957CDB00214EB0 /* CoreGraphics.framework */,
				A4481FE519957CDB00214EB0 /* UIKit.framework */,
				A4481FE719957CDB00214EB0 /* CoreData.framework */,
				A4481FFF19957CDB00214EB0 /* XCTest.framework */,
				26D10FE45716488DA2AAE938 /* libPods.a */,
			);
			name = Frameworks;
			sourceTree = "<group>";
		};
		A4481FE919957CDB00214EB0 /* RestGoateeExample */ = {
			isa = PBXGroup;
			children = (
				A4481FF219957CDB00214EB0 /* RDDAppDelegate.h */,
				A4481FF319957CDB00214EB0 /* RDDAppDelegate.m */,
				A4481FF819957CDB00214EB0 /* Images.xcassets */,
				A4481FF519957CDB00214EB0 /* RestGoateeExample.xcdatamodeld */,
				A4481FEA19957CDB00214EB0 /* Supporting Files */,
				A4482016199580B100214EB0 /* RDDAPIClient.h */,
				A4482017199580B100214EB0 /* RDDAPIClient.m */,
				A448201A199580D800214EB0 /* RDDItunesEntry.h */,
				A448201B199580D800214EB0 /* RDDItunesEntry.m */,
				BE7ECF0D19DCA35C008820A1 /* RDDViewController.h */,
				BE7ECF0E19DCA35C008820A1 /* RDDViewController.m */,
				BE7ECF0F19DCA35C008820A1 /* RDDViewController.xib */,
				BE7ECF1219DCA4D6008820A1 /* RDDTableCell.h */,
				BE7ECF1319DCA4D6008820A1 /* RDDTableCell.m */,
				BE7ECF1419DCA4D6008820A1 /* RDDTableCell.xib */,
				BE74EA3719E3293400B606E1 /* RDDTestObject1.h */,
				BE74EA3819E3293400B606E1 /* RDDTestObject1.m */,
				BE74EA3A19E3294D00B606E1 /* RDDTestObject2.h */,
				BE74EA3B19E3294D00B606E1 /* RDDTestObject2.m */,
				BEF4F2191A841F8D001F4644 /* RDDBartStation.h */,
				BEF4F21A1A841F8D001F4644 /* RDDBartStation.m */,
			);
			path = RestGoateeExample;
			sourceTree = "<group>";
		};
		A4481FEA19957CDB00214EB0 /* Supporting Files */ = {
			isa = PBXGroup;
			children = (
				A4481FEB19957CDB00214EB0 /* RestGoateeExample-Info.plist */,
				A4481FEC19957CDB00214EB0 /* InfoPlist.strings */,
				A4481FEF19957CDB00214EB0 /* main.m */,
				A4481FF119957CDB00214EB0 /* RestGoateeExample-Prefix.pch */,
			);
			name = "Supporting Files";
			sourceTree = "<group>";
		};
		A448200619957CDB00214EB0 /* RestGoateeExampleTests */ = {
			isa = PBXGroup;
			children = (
				A448200C19957CDB00214EB0 /* RestGoateeExampleTests.m */,
				A448200719957CDB00214EB0 /* Supporting Files */,
			);
			path = RestGoateeExampleTests;
			sourceTree = "<group>";
		};
		A448200719957CDB00214EB0 /* Supporting Files */ = {
			isa = PBXGroup;
			children = (
				BE55D3F71A214A7C008CEF27 /* RestGoateeExampleTests.pch */,
				A448200819957CDB00214EB0 /* RestGoateeExampleTests-Info.plist */,
				A448200919957CDB00214EB0 /* InfoPlist.strings */,
			);
			name = "Supporting Files";
			sourceTree = "<group>";
		};
		BAEBF0C0284051644B570844 /* Pods */ = {
			isa = PBXGroup;
			children = (
				7F3B9E15915A109CEC4BDEC3 /* Pods.debug.xcconfig */,
				CB51A6E35E2A969C8BE33329 /* Pods.release.xcconfig */,
			);
			name = Pods;
			sourceTree = "<group>";
		};
/* End PBXGroup section */

/* Begin PBXHeadersBuildPhase section */
		BE55D3F81A214C4C008CEF27 /* Headers */ = {
			isa = PBXHeadersBuildPhase;
			buildActionMask = 2147483647;
			files = (
				BE55D4011A214CC7008CEF27 /* Public in Headers */,
				BE55D3F91A214C87008CEF27 /* RDDAppDelegate.h in Headers */,
				BE55D3FA1A214C87008CEF27 /* RDDAPIClient.h in Headers */,
				BE55D3FB1A214C87008CEF27 /* RDDItunesEntry.h in Headers */,
				BE55D3FC1A214C87008CEF27 /* RDDViewController.h in Headers */,
				BE55D3FD1A214C87008CEF27 /* RDDTableCell.h in Headers */,
				BE55D3FE1A214C87008CEF27 /* RDDTestObject1.h in Headers */,
				BE55D3FF1A214C87008CEF27 /* RDDTestObject2.h in Headers */,
			);
			runOnlyForDeploymentPostprocessing = 0;
		};
/* End PBXHeadersBuildPhase section */

/* Begin PBXNativeTarget section */
		A4481FDD19957CDB00214EB0 /* RestGoateeExample */ = {
			isa = PBXNativeTarget;
			buildConfigurationList = A448201019957CDB00214EB0 /* Build configuration list for PBXNativeTarget "RestGoateeExample" */;
			buildPhases = (
				A4481FDA19957CDB00214EB0 /* Sources */,
				A4481FDB19957CDB00214EB0 /* Frameworks */,
				A4481FDC19957CDB00214EB0 /* Resources */,
				A7984E5A9C064FFAB85357D0 /* Copy Pods Resources */,
			);
			buildRules = (
			);
			dependencies = (
			);
			name = RestGoateeExample;
			productName = RestGoateeExample;
			productReference = A4481FDE19957CDB00214EB0 /* RestGoateeExample.app */;
			productType = "com.apple.product-type.application";
		};
		A4481FFD19957CDB00214EB0 /* RestGoateeExampleTests */ = {
			isa = PBXNativeTarget;
			buildConfigurationList = A448201319957CDB00214EB0 /* Build configuration list for PBXNativeTarget "RestGoateeExampleTests" */;
			buildPhases = (
				BE55D3F81A214C4C008CEF27 /* Headers */,
				A4481FFA19957CDB00214EB0 /* Sources */,
				A4481FFB19957CDB00214EB0 /* Frameworks */,
				A4481FFC19957CDB00214EB0 /* Resources */,
			);
			buildRules = (
			);
			dependencies = (
				BE01518B1A7DD0C6003E6EF4 /* PBXTargetDependency */,
			);
			name = RestGoateeExampleTests;
			productName = RestGoateeExampleTests;
			productReference = A4481FFE19957CDB00214EB0 /* RestGoateeExampleTests.xctest */;
			productType = "com.apple.product-type.bundle.unit-test";
		};
/* End PBXNativeTarget section */

/* Begin PBXProject section */
		A4481FD619957CDB00214EB0 /* Project object */ = {
			isa = PBXProject;
			attributes = {
				CLASSPREFIX = RDD;
				LastUpgradeCheck = 0510;
				ORGANIZATIONNAME = "Ryan Dignard";
				TargetAttributes = {
					A4481FFD19957CDB00214EB0 = {
						TestTargetID = A4481FDD19957CDB00214EB0;
					};
				};
			};
			buildConfigurationList = A4481FD919957CDB00214EB0 /* Build configuration list for PBXProject "RestGoateeExample" */;
			compatibilityVersion = "Xcode 3.2";
			developmentRegion = English;
			hasScannedForEncodings = 0;
			knownRegions = (
				en,
			);
			mainGroup = A4481FD519957CDB00214EB0;
			productRefGroup = A4481FDF19957CDB00214EB0 /* Products */;
			projectDirPath = "";
			projectRoot = "";
			targets = (
				A4481FDD19957CDB00214EB0 /* RestGoateeExample */,
				A4481FFD19957CDB00214EB0 /* RestGoateeExampleTests */,
			);
		};
/* End PBXProject section */

/* Begin PBXResourcesBuildPhase section */
		A4481FDC19957CDB00214EB0 /* Resources */ = {
			isa = PBXResourcesBuildPhase;
			buildActionMask = 2147483647;
			files = (
				A4481FEE19957CDB00214EB0 /* InfoPlist.strings in Resources */,
				BE7ECF1119DCA35C008820A1 /* RDDViewController.xib in Resources */,
				A4481FF919957CDB00214EB0 /* Images.xcassets in Resources */,
				BE7ECF1619DCA4D6008820A1 /* RDDTableCell.xib in Resources */,
			);
			runOnlyForDeploymentPostprocessing = 0;
		};
		A4481FFC19957CDB00214EB0 /* Resources */ = {
			isa = PBXResourcesBuildPhase;
			buildActionMask = 2147483647;
			files = (
				A448200B19957CDB00214EB0 /* InfoPlist.strings in Resources */,
			);
			runOnlyForDeploymentPostprocessing = 0;
		};
/* End PBXResourcesBuildPhase section */

/* Begin PBXShellScriptBuildPhase section */
		A7984E5A9C064FFAB85357D0 /* Copy Pods Resources */ = {
			isa = PBXShellScriptBuildPhase;
			buildActionMask = 2147483647;
			files = (
			);
			inputPaths = (
			);
			name = "Copy Pods Resources";
			outputPaths = (
			);
			runOnlyForDeploymentPostprocessing = 0;
			shellPath = /bin/sh;
			shellScript = "\"${SRCROOT}/Pods/Target Support Files/Pods/Pods-resources.sh\"\n";
			showEnvVarsInLog = 0;
		};
/* End PBXShellScriptBuildPhase section */

/* Begin PBXSourcesBuildPhase section */
		A4481FDA19957CDB00214EB0 /* Sources */ = {
			isa = PBXSourcesBuildPhase;
			buildActionMask = 2147483647;
			files = (
				BE7ECF1519DCA4D6008820A1 /* RDDTableCell.m in Sources */,
				A4482018199580B100214EB0 /* RDDAPIClient.m in Sources */,
				A4481FF719957CDB00214EB0 /* RestGoateeExample.xcdatamodeld in Sources */,
				A4481FF019957CDB00214EB0 /* main.m in Sources */,
				A448201C199580D800214EB0 /* RDDItunesEntry.m in Sources */,
				BE74EA3919E3293400B606E1 /* RDDTestObject1.m in Sources */,
				BE74EA3C19E3294D00B606E1 /* RDDTestObject2.m in Sources */,
				A4481FF419957CDB00214EB0 /* RDDAppDelegate.m in Sources */,
				BEF4F21B1A841F8D001F4644 /* RDDBartStation.m in Sources */,
				BE7ECF1019DCA35C008820A1 /* RDDViewController.m in Sources */,
			);
			runOnlyForDeploymentPostprocessing = 0;
		};
		A4481FFA19957CDB00214EB0 /* Sources */ = {
			isa = PBXSourcesBuildPhase;
			buildActionMask = 2147483647;
			files = (
				A448200D19957CDB00214EB0 /* RestGoateeExampleTests.m in Sources */,
			);
			runOnlyForDeploymentPostprocessing = 0;
		};
/* End PBXSourcesBuildPhase section */

/* Begin PBXTargetDependency section */
		BE01518B1A7DD0C6003E6EF4 /* PBXTargetDependency */ = {
			isa = PBXTargetDependency;
			target = A4481FDD19957CDB00214EB0 /* RestGoateeExample */;
			targetProxy = BE01518A1A7DD0C6003E6EF4 /* PBXContainerItemProxy */;
		};
/* End PBXTargetDependency section */

/* Begin PBXVariantGroup section */
		A4481FEC19957CDB00214EB0 /* InfoPlist.strings */ = {
			isa = PBXVariantGroup;
			children = (
				A4481FED19957CDB00214EB0 /* en */,
			);
			name = InfoPlist.strings;
			sourceTree = "<group>";
		};
		A448200919957CDB00214EB0 /* InfoPlist.strings */ = {
			isa = PBXVariantGroup;
			children = (
				A448200A19957CDB00214EB0 /* en */,
			);
			name = InfoPlist.strings;
			sourceTree = "<group>";
		};
/* End PBXVariantGroup section */

/* Begin XCBuildConfiguration section */
		A448200E19957CDB00214EB0 /* Debug */ = {
			isa = XCBuildConfiguration;
			buildSettings = {
				ALWAYS_SEARCH_USER_PATHS = NO;
				CLANG_CXX_LANGUAGE_STANDARD = "gnu++0x";
				CLANG_CXX_LIBRARY = "libc++";
				CLANG_ENABLE_MODULES = YES;
				CLANG_ENABLE_OBJC_ARC = YES;
				CLANG_WARN_BOOL_CONVERSION = YES;
				CLANG_WARN_CONSTANT_CONVERSION = YES;
				CLANG_WARN_DIRECT_OBJC_ISA_USAGE = YES_ERROR;
				CLANG_WARN_EMPTY_BODY = YES;
				CLANG_WARN_ENUM_CONVERSION = YES;
				CLANG_WARN_INT_CONVERSION = YES;
				CLANG_WARN_OBJC_ROOT_CLASS = YES_ERROR;
				CLANG_WARN__DUPLICATE_METHOD_MATCH = YES;
				"CODE_SIGN_IDENTITY[sdk=iphoneos*]" = "iPhone Developer";
				COPY_PHASE_STRIP = NO;
				GCC_C_LANGUAGE_STANDARD = gnu99;
				GCC_DYNAMIC_NO_PIC = NO;
				GCC_OPTIMIZATION_LEVEL = 0;
				GCC_PREPROCESSOR_DEFINITIONS = (
					"DEBUG=1",
					"$(inherited)",
				);
				GCC_SYMBOLS_PRIVATE_EXTERN = NO;
				GCC_WARN_64_TO_32_BIT_CONVERSION = YES;
				GCC_WARN_ABOUT_RETURN_TYPE = YES_ERROR;
				GCC_WARN_UNDECLARED_SELECTOR = YES;
				GCC_WARN_UNINITIALIZED_AUTOS = YES_AGGRESSIVE;
				GCC_WARN_UNUSED_FUNCTION = YES;
				GCC_WARN_UNUSED_VARIABLE = YES;
				IPHONEOS_DEPLOYMENT_TARGET = 6.0;
				ONLY_ACTIVE_ARCH = YES;
				SDKROOT = iphoneos;
			};
			name = Debug;
		};
		A448200F19957CDB00214EB0 /* Release */ = {
			isa = XCBuildConfiguration;
			buildSettings = {
				ALWAYS_SEARCH_USER_PATHS = NO;
				CLANG_CXX_LANGUAGE_STANDARD = "gnu++0x";
				CLANG_CXX_LIBRARY = "libc++";
				CLANG_ENABLE_MODULES = YES;
				CLANG_ENABLE_OBJC_ARC = YES;
				CLANG_WARN_BOOL_CONVERSION = YES;
				CLANG_WARN_CONSTANT_CONVERSION = YES;
				CLANG_WARN_DIRECT_OBJC_ISA_USAGE = YES_ERROR;
				CLANG_WARN_EMPTY_BODY = YES;
				CLANG_WARN_ENUM_CONVERSION = YES;
				CLANG_WARN_INT_CONVERSION = YES;
				CLANG_WARN_OBJC_ROOT_CLASS = YES_ERROR;
				CLANG_WARN__DUPLICATE_METHOD_MATCH = YES;
				"CODE_SIGN_IDENTITY[sdk=iphoneos*]" = "iPhone Developer";
				COPY_PHASE_STRIP = YES;
				ENABLE_NS_ASSERTIONS = NO;
				GCC_C_LANGUAGE_STANDARD = gnu99;
				GCC_WARN_64_TO_32_BIT_CONVERSION = YES;
				GCC_WARN_ABOUT_RETURN_TYPE = YES_ERROR;
				GCC_WARN_UNDECLARED_SELECTOR = YES;
				GCC_WARN_UNINITIALIZED_AUTOS = YES_AGGRESSIVE;
				GCC_WARN_UNUSED_FUNCTION = YES;
				GCC_WARN_UNUSED_VARIABLE = YES;
				IPHONEOS_DEPLOYMENT_TARGET = 6.0;
				SDKROOT = iphoneos;
				VALIDATE_PRODUCT = YES;
			};
			name = Release;
		};
		A448201119957CDB00214EB0 /* Debug */ = {
			isa = XCBuildConfiguration;
			baseConfigurationReference = 7F3B9E15915A109CEC4BDEC3 /* Pods.debug.xcconfig */;
			buildSettings = {
				ASSETCATALOG_COMPILER_APPICON_NAME = AppIcon;
				ASSETCATALOG_COMPILER_LAUNCHIMAGE_NAME = LaunchImage;
				CLANG_ANALYZER_SECURITY_FLOATLOOPCOUNTER = YES;
				CLANG_ANALYZER_SECURITY_INSECUREAPI_RAND = YES;
				CLANG_ANALYZER_SECURITY_INSECUREAPI_STRCPY = YES;
				CLANG_WARN_ASSIGN_ENUM = YES;
				CLANG_WARN_CXX0X_EXTENSIONS = YES;
				CLANG_WARN_DEPRECATED_OBJC_IMPLEMENTATIONS = YES;
				CLANG_WARN_DOCUMENTATION_COMMENTS = YES;
				CLANG_WARN_IMPLICIT_SIGN_CONVERSION = YES;
				CLANG_WARN_OBJC_EXPLICIT_OWNERSHIP_TYPE = YES;
				CLANG_WARN_OBJC_IMPLICIT_ATOMIC_PROPERTIES = YES;
				CLANG_WARN_OBJC_IMPLICIT_RETAIN_SELF = YES;
				CLANG_WARN_OBJC_REPEATED_USE_OF_WEAK = YES;
				CLANG_WARN_SUSPICIOUS_IMPLICIT_CONVERSION = YES;
				CLANG_WARN_UNREACHABLE_CODE = YES;
				CLANG_WARN__EXIT_TIME_DESTRUCTORS = YES;
				ENABLE_STRICT_OBJC_MSGSEND = YES;
				GCC_DYNAMIC_NO_PIC = YES;
				GCC_FAST_MATH = YES;
				GCC_PRECOMPILE_PREFIX_HEADER = YES;
				GCC_PREFIX_HEADER = "RestGoateeExample/RestGoateeExample-Prefix.pch";
				GCC_SHORT_ENUMS = YES;
				GCC_TREAT_IMPLICIT_FUNCTION_DECLARATIONS_AS_ERRORS = YES;
				GCC_TREAT_INCOMPATIBLE_POINTER_TYPE_WARNINGS_AS_ERRORS = YES;
				GCC_UNROLL_LOOPS = YES;
				GCC_WARN_ABOUT_MISSING_FIELD_INITIALIZERS = YES;
				GCC_WARN_ABOUT_MISSING_NEWLINE = YES;
				GCC_WARN_ABOUT_MISSING_PROTOTYPES = YES;
				GCC_WARN_FOUR_CHARACTER_CONSTANTS = YES;
				GCC_WARN_HIDDEN_VIRTUAL_FUNCTIONS = YES;
				GCC_WARN_INITIALIZER_NOT_FULLY_BRACKETED = YES;
				GCC_WARN_NON_VIRTUAL_DESTRUCTOR = YES;
				GCC_WARN_SHADOW = YES;
				GCC_WARN_SIGN_COMPARE = YES;
				GCC_WARN_STRICT_SELECTOR_MATCH = YES;
				GCC_WARN_UNKNOWN_PRAGMAS = YES;
				GCC_WARN_UNUSED_LABEL = YES;
				GCC_WARN_UNUSED_PARAMETER = YES;
				INFOPLIST_FILE = "RestGoateeExample/RestGoateeExample-Info.plist";
				IPHONEOS_DEPLOYMENT_TARGET = 6.0;
				LLVM_LTO = YES;
				MOMC_NO_INVERSE_RELATIONSHIP_WARNINGS = YES;
				MOMC_NO_MAX_PROPERTY_COUNT_WARNINGS = YES;
				MOMC_NO_WARNINGS = YES;
				MOMC_SUPPRESS_INVERSE_TRANSIENT_ERROR = YES;
				PRODUCT_NAME = "$(TARGET_NAME)";
				WRAPPER_EXTENSION = app;
			};
			name = Debug;
		};
		A448201219957CDB00214EB0 /* Release */ = {
			isa = XCBuildConfiguration;
			baseConfigurationReference = CB51A6E35E2A969C8BE33329 /* Pods.release.xcconfig */;
			buildSettings = {
				ASSETCATALOG_COMPILER_APPICON_NAME = AppIcon;
				ASSETCATALOG_COMPILER_LAUNCHIMAGE_NAME = LaunchImage;
				CLANG_ANALYZER_SECURITY_FLOATLOOPCOUNTER = YES;
				CLANG_ANALYZER_SECURITY_INSECUREAPI_RAND = YES;
				CLANG_ANALYZER_SECURITY_INSECUREAPI_STRCPY = YES;
				CLANG_WARN_ASSIGN_ENUM = YES;
				CLANG_WARN_CXX0X_EXTENSIONS = YES;
				CLANG_WARN_DEPRECATED_OBJC_IMPLEMENTATIONS = YES;
				CLANG_WARN_DOCUMENTATION_COMMENTS = YES;
				CLANG_WARN_IMPLICIT_SIGN_CONVERSION = YES;
				CLANG_WARN_OBJC_EXPLICIT_OWNERSHIP_TYPE = YES;
				CLANG_WARN_OBJC_IMPLICIT_ATOMIC_PROPERTIES = YES;
				CLANG_WARN_OBJC_IMPLICIT_RETAIN_SELF = YES;
				CLANG_WARN_OBJC_REPEATED_USE_OF_WEAK = YES;
				CLANG_WARN_SUSPICIOUS_IMPLICIT_CONVERSION = YES;
				CLANG_WARN_UNREACHABLE_CODE = YES;
				CLANG_WARN__EXIT_TIME_DESTRUCTORS = YES;
				ENABLE_STRICT_OBJC_MSGSEND = YES;
				GCC_DYNAMIC_NO_PIC = YES;
				GCC_FAST_MATH = YES;
				GCC_OPTIMIZATION_LEVEL = fast;
				GCC_PRECOMPILE_PREFIX_HEADER = YES;
				GCC_PREFIX_HEADER = "RestGoateeExample/RestGoateeExample-Prefix.pch";
				GCC_SHORT_ENUMS = YES;
				GCC_TREAT_IMPLICIT_FUNCTION_DECLARATIONS_AS_ERRORS = YES;
				GCC_TREAT_INCOMPATIBLE_POINTER_TYPE_WARNINGS_AS_ERRORS = YES;
				GCC_UNROLL_LOOPS = YES;
				GCC_WARN_ABOUT_MISSING_FIELD_INITIALIZERS = YES;
				GCC_WARN_ABOUT_MISSING_NEWLINE = YES;
				GCC_WARN_ABOUT_MISSING_PROTOTYPES = YES;
				GCC_WARN_FOUR_CHARACTER_CONSTANTS = YES;
				GCC_WARN_HIDDEN_VIRTUAL_FUNCTIONS = YES;
				GCC_WARN_INITIALIZER_NOT_FULLY_BRACKETED = YES;
				GCC_WARN_NON_VIRTUAL_DESTRUCTOR = YES;
				GCC_WARN_SHADOW = YES;
				GCC_WARN_SIGN_COMPARE = YES;
				GCC_WARN_STRICT_SELECTOR_MATCH = YES;
				GCC_WARN_UNKNOWN_PRAGMAS = YES;
				GCC_WARN_UNUSED_LABEL = YES;
				GCC_WARN_UNUSED_PARAMETER = YES;
				INFOPLIST_FILE = "RestGoateeExample/RestGoateeExample-Info.plist";
				IPHONEOS_DEPLOYMENT_TARGET = 6.0;
				LLVM_LTO = YES;
				MOMC_NO_INVERSE_RELATIONSHIP_WARNINGS = YES;
				MOMC_NO_MAX_PROPERTY_COUNT_WARNINGS = YES;
				MOMC_NO_WARNINGS = YES;
				MOMC_SUPPRESS_INVERSE_TRANSIENT_ERROR = YES;
				PRODUCT_NAME = "$(TARGET_NAME)";
				WRAPPER_EXTENSION = app;
			};
			name = Release;
		};
		A448201419957CDB00214EB0 /* Debug */ = {
			isa = XCBuildConfiguration;
			buildSettings = {
				ALWAYS_SEARCH_USER_PATHS = YES;
				BUNDLE_LOADER = "$(BUILT_PRODUCTS_DIR)/RestGoateeExample.app/RestGoateeExample";
				GCC_PRECOMPILE_PREFIX_HEADER = YES;
				GCC_PREFIX_HEADER = RestGoateeExampleTests/RestGoateeExampleTests.pch;
				GCC_PREPROCESSOR_DEFINITIONS = "$(inherited)";
				HEADER_SEARCH_PATHS = (
					"$(inherited)",
					/Applications/Xcode.app/Contents/Developer/Toolchains/XcodeDefault.xctoolchain/usr/include,
					"\"${SRCROOT}\"/**",
				);
				INFOPLIST_FILE = "RestGoateeExampleTests/RestGoateeExampleTests-Info.plist";
				IPHONEOS_DEPLOYMENT_TARGET = 6.0;
				PRODUCT_NAME = "$(TARGET_NAME)";
				TEST_HOST = "$(BUNDLE_LOADER)";
				WRAPPER_EXTENSION = xctest;
			};
			name = Debug;
		};
		A448201519957CDB00214EB0 /* Release */ = {
			isa = XCBuildConfiguration;
			buildSettings = {
				ALWAYS_SEARCH_USER_PATHS = YES;
				BUNDLE_LOADER = "$(BUILT_PRODUCTS_DIR)/RestGoateeExample.app/RestGoateeExample";
				GCC_PRECOMPILE_PREFIX_HEADER = YES;
				GCC_PREFIX_HEADER = RestGoateeExampleTests/RestGoateeExampleTests.pch;
				HEADER_SEARCH_PATHS = (
					"$(inherited)",
					/Applications/Xcode.app/Contents/Developer/Toolchains/XcodeDefault.xctoolchain/usr/include,
					"\"${SRCROOT}\"/**",
				);
				INFOPLIST_FILE = "RestGoateeExampleTests/RestGoateeExampleTests-Info.plist";
				IPHONEOS_DEPLOYMENT_TARGET = 6.0;
				PRODUCT_NAME = "$(TARGET_NAME)";
				TEST_HOST = "$(BUNDLE_LOADER)";
				WRAPPER_EXTENSION = xctest;
			};
			name = Release;
		};
/* End XCBuildConfiguration section */

/* Begin XCConfigurationList section */
		A4481FD919957CDB00214EB0 /* Build configuration list for PBXProject "RestGoateeExample" */ = {
			isa = XCConfigurationList;
			buildConfigurations = (
				A448200E19957CDB00214EB0 /* Debug */,
				A448200F19957CDB00214EB0 /* Release */,
			);
			defaultConfigurationIsVisible = 0;
			defaultConfigurationName = Release;
		};
		A448201019957CDB00214EB0 /* Build configuration list for PBXNativeTarget "RestGoateeExample" */ = {
			isa = XCConfigurationList;
			buildConfigurations = (
				A448201119957CDB00214EB0 /* Debug */,
				A448201219957CDB00214EB0 /* Release */,
			);
			defaultConfigurationIsVisible = 0;
			defaultConfigurationName = Release;
		};
		A448201319957CDB00214EB0 /* Build configuration list for PBXNativeTarget "RestGoateeExampleTests" */ = {
			isa = XCConfigurationList;
			buildConfigurations = (
				A448201419957CDB00214EB0 /* Debug */,
				A448201519957CDB00214EB0 /* Release */,
			);
			defaultConfigurationIsVisible = 0;
			defaultConfigurationName = Release;
		};
/* End XCConfigurationList section */

/* Begin XCVersionGroup section */
		A4481FF519957CDB00214EB0 /* RestGoateeExample.xcdatamodeld */ = {
			isa = XCVersionGroup;
			children = (
				A4481FF619957CDB00214EB0 /* RestGoateeExample.xcdatamodel */,
			);
			currentVersion = A4481FF619957CDB00214EB0 /* RestGoateeExample.xcdatamodel */;
			path = RestGoateeExample.xcdatamodeld;
			sourceTree = "<group>";
			versionGroupType = wrapper.xcdatamodel;
		};
/* End XCVersionGroup section */
	};
	rootObject = A4481FD619957CDB00214EB0 /* Project object */;
}
